dependencies:
- name: common
  repository: https://open-source.softwareag.com/webmethods-helm-charts/charts
  version: 1.0.2
- name: prometheus-elasticsearch-exporter
  repository: https://prometheus-community.github.io/helm-charts
  version: 5.0.0
digest: sha256:c8fd5d9ed3a3017059f47b0eca80f748d8c3c3c090bb15badb93f8473171901e
generated: "2024-06-17T10:32:44.63173+02:00"
